
Microsoft Visual Studio Solution File, Format Version 12.00
# Visual Studio Version 17
VisualStudioVersion = 17.6.33815.320
MinimumVisualStudioVersion = 10.0.40219.1
Project("{FAE04EC0-301F-11D3-BF4B-00C04F79EFBC}") = "Git Test", "Git Test\Git Test.csproj", "{5559E074-20D1-4475-8DED-32FC3B158B44}"
EndProject
Global
	GlobalSection(SolutionConfigurationPlatforms) = preSolution
		Debug|Any CPU = Debug|Any CPU
		Release|Any CPU = Release|Any CPU
	EndGlobalSection
	GlobalSection(ProjectConfigurationPlatforms) = postSolution
		{5559E074-20D1-4475-8DED-32FC3B158B44}.Debug|Any CPU.ActiveCfg = Debug|Any CPU
		{5559E074-20D1-4475-8DED-32FC3B158B44}.Debug|Any CPU.Build.0 = Debug|Any CPU
		{5559E074-20D1-4475-8DED-32FC3B158B44}.Release|Any CPU.ActiveCfg = Release|Any CPU
		{5559E074-20D1-4475-8DED-32FC3B158B44}.Release|Any CPU.Build.0 = Release|Any CPU
	EndGlobalSection
	GlobalSection(SolutionProperties) = preSolution
		HideSolutionNode = FALSE
	EndGlobalSection
	GlobalSection(ExtensibilityGlobals) = postSolution
		SolutionGuid = {1A11F46D-61EC-4B65-8171-B2A3CEBFF87F}
	EndGlobalSection
EndGlobal
